
Microsoft Visual Studio Solution File, Format Version 12.00
# Visual Studio Version 16
VisualStudioVersion = 16.0.29215.179
MinimumVisualStudioVersion = 10.0.40219.1
Project("{FAE04EC0-301F-11D3-BF4B-00C04F79EFBC}") = "DotaAnalyst.Android", "DotaAnalyst\DotaAnalyst.Android\DotaAnalyst.Android.csproj", "{528FAE65-EBBF-4F81-B9FC-1B22DE3B8998}"
EndProject
Project("{FAE04EC0-301F-11D3-BF4B-00C04F79EFBC}") = "DotaAnalyst.iOS", "DotaAnalyst\DotaAnalyst.iOS\DotaAnalyst.iOS.csproj", "{5EA5EFFE-3B85-485A-97F8-DD902B318AE7}"
EndProject
Project("{9A19103F-16F7-4668-BE54-9A1E7A4F7556}") = "DotaAnalyst", "DotaAnalyst\DotaAnalyst\DotaAnalyst.csproj", "{0DF3B680-BDB3-4312-B07E-52AB1B273619}"
EndProject
Global
	GlobalSection(SolutionConfigurationPlatforms) = preSolution
		Debug|Any CPU = Debug|Any CPU
		Debug|iPhone = Debug|iPhone
		Debug|iPhoneSimulator = Debug|iPhoneSimulator
		Release|Any CPU = Release|Any CPU
		Release|iPhone = Release|iPhone
		Release|iPhoneSimulator = Release|iPhoneSimulator
	EndGlobalSection
	GlobalSection(ProjectConfigurationPlatforms) = postSolution
		{528FAE65-EBBF-4F81-B9FC-1B22DE3B8998}.Debug|Any CPU.ActiveCfg = Debug|Any CPU
		{528FAE65-EBBF-4F81-B9FC-1B22DE3B8998}.Debug|Any CPU.Build.0 = Debug|Any CPU
		{528FAE65-EBBF-4F81-B9FC-1B22DE3B8998}.Debug|Any CPU.Deploy.0 = Debug|Any CPU
		{528FAE65-EBBF-4F81-B9FC-1B22DE3B8998}.Debug|iPhone.ActiveCfg = Debug|Any CPU
		{528FAE65-EBBF-4F81-B9FC-1B22DE3B8998}.Debug|iPhone.Build.0 = Debug|Any CPU
		{528FAE65-EBBF-4F81-B9FC-1B22DE3B8998}.Debug|iPhone.Deploy.0 = Debug|Any CPU
		{528FAE65-EBBF-4F81-B9FC-1B22DE3B8998}.Debug|iPhoneSimulator.ActiveCfg = Debug|Any CPU
		{528FAE65-EBBF-4F81-B9FC-1B22DE3B8998}.Debug|iPhoneSimulator.Build.0 = Debug|Any CPU
		{528FAE65-EBBF-4F81-B9FC-1B22DE3B8998}.Debug|iPhoneSimulator.Deploy.0 = Debug|Any CPU
		{528FAE65-EBBF-4F81-B9FC-1B22DE3B8998}.Release|Any CPU.ActiveCfg = Release|Any CPU
		{528FAE65-EBBF-4F81-B9FC-1B22DE3B8998}.Release|Any CPU.Build.0 = Release|Any CPU
		{528FAE65-EBBF-4F81-B9FC-1B22DE3B8998}.Release|Any CPU.Deploy.0 = Release|Any CPU
		{528FAE65-EBBF-4F81-B9FC-1B22DE3B8998}.Release|iPhone.ActiveCfg = Release|Any CPU
		{528FAE65-EBBF-4F81-B9FC-1B22DE3B8998}.Release|iPhone.Build.0 = Release|Any CPU
		{528FAE65-EBBF-4F81-B9FC-1B22DE3B8998}.Release|iPhone.Deploy.0 = Release|Any CPU
		{528FAE65-EBBF-4F81-B9FC-1B22DE3B8998}.Release|iPhoneSimulator.ActiveCfg = Release|Any CPU
		{528FAE65-EBBF-4F81-B9FC-1B22DE3B8998}.Release|iPhoneSimulator.Build.0 = Release|Any CPU
		{528FAE65-EBBF-4F81-B9FC-1B22DE3B8998}.Release|iPhoneSimulator.Deploy.0 = Release|Any CPU
		{5EA5EFFE-3B85-485A-97F8-DD902B318AE7}.Debug|Any CPU.ActiveCfg = Debug|iPhoneSimulator
		{5EA5EFFE-3B85-485A-97F8-DD902B318AE7}.Debug|Any CPU.Build.0 = Debug|iPhoneSimulator
		{5EA5EFFE-3B85-485A-97F8-DD902B318AE7}.Debug|Any CPU.Deploy.0 = Debug|iPhoneSimulator
		{5EA5EFFE-3B85-485A-97F8-DD902B318AE7}.Debug|iPhone.ActiveCfg = Debug|iPhone
		{5EA5EFFE-3B85-485A-97F8-DD902B318AE7}.Debug|iPhone.Build.0 = Debug|iPhone
		{5EA5EFFE-3B85-485A-97F8-DD902B318AE7}.Debug|iPhone.Deploy.0 = Debug|iPhone
		{5EA5EFFE-3B85-485A-97F8-DD902B318AE7}.Debug|iPhoneSimulator.ActiveCfg = Debug|iPhoneSimulator
		{5EA5EFFE-3B85-485A-97F8-DD902B318AE7}.Debug|iPhoneSimulator.Build.0 = Debug|iPhoneSimulator
		{5EA5EFFE-3B85-485A-97F8-DD902B318AE7}.Debug|iPhoneSimulator.Deploy.0 = Debug|iPhoneSimulator
		{5EA5EFFE-3B85-485A-97F8-DD902B318AE7}.Release|Any CPU.ActiveCfg = Release|iPhone
		{5EA5EFFE-3B85-485A-97F8-DD902B318AE7}.Release|Any CPU.Build.0 = Release|iPhone
		{5EA5EFFE-3B85-485A-97F8-DD902B318AE7}.Release|Any CPU.Deploy.0 = Release|iPhone
		{5EA5EFFE-3B85-485A-97F8-DD902B318AE7}.Release|iPhone.ActiveCfg = Release|iPhone
		{5EA5EFFE-3B85-485A-97F8-DD902B318AE7}.Release|iPhone.Build.0 = Release|iPhone
		{5EA5EFFE-3B85-485A-97F8-DD902B318AE7}.Release|iPhone.Deploy.0 = Release|iPhone
		{5EA5EFFE-3B85-485A-97F8-DD902B318AE7}.Release|iPhoneSimulator.ActiveCfg = Release|iPhoneSimulator
		{5EA5EFFE-3B85-485A-97F8-DD902B318AE7}.Release|iPhoneSimulator.Build.0 = Release|iPhoneSimulator
		{5EA5EFFE-3B85-485A-97F8-DD902B318AE7}.Release|iPhoneSimulator.Deploy.0 = Release|iPhoneSimulator
		{0DF3B680-BDB3-4312-B07E-52AB1B273619}.Debug|Any CPU.ActiveCfg = Debug|Any CPU
		{0DF3B680-BDB3-4312-B07E-52AB1B273619}.Debug|Any CPU.Build.0 = Debug|Any CPU
		{0DF3B680-BDB3-4312-B07E-52AB1B273619}.Debug|Any CPU.Deploy.0 = Debug|Any CPU
		{0DF3B680-BDB3-4312-B07E-52AB1B273619}.Debug|iPhone.ActiveCfg = Debug|Any CPU
		{0DF3B680-BDB3-4312-B07E-52AB1B273619}.Debug|iPhone.Build.0 = Debug|Any CPU
		{0DF3B680-BDB3-4312-B07E-52AB1B273619}.Debug|iPhone.Deploy.0 = Debug|Any CPU
		{0DF3B680-BDB3-4312-B07E-52AB1B273619}.Debug|iPhoneSimulator.ActiveCfg = Debug|Any CPU
		{0DF3B680-BDB3-4312-B07E-52AB1B273619}.Debug|iPhoneSimulator.Build.0 = Debug|Any CPU
		{0DF3B680-BDB3-4312-B07E-52AB1B273619}.Debug|iPhoneSimulator.Deploy.0 = Debug|Any CPU
		{0DF3B680-BDB3-4312-B07E-52AB1B273619}.Release|Any CPU.ActiveCfg = Release|Any CPU
		{0DF3B680-BDB3-4312-B07E-52AB1B273619}.Release|Any CPU.Build.0 = Release|Any CPU
		{0DF3B680-BDB3-4312-B07E-52AB1B273619}.Release|Any CPU.Deploy.0 = Release|Any CPU
		{0DF3B680-BDB3-4312-B07E-52AB1B273619}.Release|iPhone.ActiveCfg = Release|Any CPU
		{0DF3B680-BDB3-4312-B07E-52AB1B273619}.Release|iPhone.Build.0 = Release|Any CPU
		{0DF3B680-BDB3-4312-B07E-52AB1B273619}.Release|iPhone.Deploy.0 = Release|Any CPU
		{0DF3B680-BDB3-4312-B07E-52AB1B273619}.Release|iPhoneSimulator.ActiveCfg = Release|Any CPU
		{0DF3B680-BDB3-4312-B07E-52AB1B273619}.Release|iPhoneSimulator.Build.0 = Release|Any CPU
		{0DF3B680-BDB3-4312-B07E-52AB1B273619}.Release|iPhoneSimulator.Deploy.0 = Release|Any CPU
	EndGlobalSection
	GlobalSection(SolutionProperties) = preSolution
		HideSolutionNode = FALSE
	EndGlobalSection
	GlobalSection(ExtensibilityGlobals) = postSolution
		SolutionGuid = {5CD1877C-D408-4D98-B228-20E0AA673965}
	EndGlobalSection
EndGlobal
